
Microsoft Visual Studio Solution File, Format Version 12.00
# Visual Studio Version 17
VisualStudioVersion = 17.7.34221.43
MinimumVisualStudioVersion = 10.0.40219.1
Project("{9A19103F-16F7-4668-BE54-9A1E7A4F7556}") = "InstNwnd.Web", "InstNwnd.Web\InstNwnd.Web.csproj", "{9AB0B681-2688-4074-8D4C-035679E3BC9D}"
EndProject
Project("{FAE04EC0-301F-11D3-BF4B-00C04F79EFBC}") = "InstNwnd.WebTests", "InstNwnd.WebTests\InstNwnd.WebTests.csproj", "{78159F74-82ED-464E-BDCE-289FBF12D253}"
EndProject
Global
	GlobalSection(SolutionConfigurationPlatforms) = preSolution
		Debug|Any CPU = Debug|Any CPU
		Release|Any CPU = Release|Any CPU
	EndGlobalSection
	GlobalSection(ProjectConfigurationPlatforms) = postSolution
		{9AB0B681-2688-4074-8D4C-035679E3BC9D}.Debug|Any CPU.ActiveCfg = Debug|Any CPU
		{9AB0B681-2688-4074-8D4C-035679E3BC9D}.Debug|Any CPU.Build.0 = Debug|Any CPU
		{9AB0B681-2688-4074-8D4C-035679E3BC9D}.Release|Any CPU.ActiveCfg = Release|Any CPU
		{9AB0B681-2688-4074-8D4C-035679E3BC9D}.Release|Any CPU.Build.0 = Release|Any CPU
		{78159F74-82ED-464E-BDCE-289FBF12D253}.Debug|Any CPU.ActiveCfg = Debug|Any CPU
		{78159F74-82ED-464E-BDCE-289FBF12D253}.Debug|Any CPU.Build.0 = Debug|Any CPU
		{78159F74-82ED-464E-BDCE-289FBF12D253}.Release|Any CPU.ActiveCfg = Release|Any CPU
		{78159F74-82ED-464E-BDCE-289FBF12D253}.Release|Any CPU.Build.0 = Release|Any CPU
	EndGlobalSection
	GlobalSection(SolutionProperties) = preSolution
		HideSolutionNode = FALSE
	EndGlobalSection
	GlobalSection(ExtensibilityGlobals) = postSolution
		SolutionGuid = {A944A206-3A1C-440A-A66F-671B140A09FE}
	EndGlobalSection
EndGlobal
